
Microsoft Visual Studio Solution File, Format Version 12.00
# Visual Studio Version 17
VisualStudioVersion = 17.10.35027.167
MinimumVisualStudioVersion = 10.0.40219.1
Project("{FAE04EC0-301F-11D3-BF4B-00C04F79EFBC}") = "BizFlow", "BizFlow.csproj", "{94329DB7-672A-4BFF-A024-61EF92283E17}"
EndProject
Project("{FAE04EC0-301F-11D3-BF4B-00C04F79EFBC}") = "Entities2", "..\BizFlow2\Entities2\Entities2.csproj", "{8D94EF9A-3CA4-4BF2-9E44-91C30305059C}"
EndProject
Global
	GlobalSection(SolutionConfigurationPlatforms) = preSolution
		Debug|Any CPU = Debug|Any CPU
		Release|Any CPU = Release|Any CPU
	EndGlobalSection
	GlobalSection(ProjectConfigurationPlatforms) = postSolution
		{94329DB7-672A-4BFF-A024-61EF92283E17}.Debug|Any CPU.ActiveCfg = Debug|Any CPU
		{94329DB7-672A-4BFF-A024-61EF92283E17}.Debug|Any CPU.Build.0 = Debug|Any CPU
		{94329DB7-672A-4BFF-A024-61EF92283E17}.Release|Any CPU.ActiveCfg = Release|Any CPU
		{94329DB7-672A-4BFF-A024-61EF92283E17}.Release|Any CPU.Build.0 = Release|Any CPU
		{8D94EF9A-3CA4-4BF2-9E44-91C30305059C}.Debug|Any CPU.ActiveCfg = Debug|Any CPU
		{8D94EF9A-3CA4-4BF2-9E44-91C30305059C}.Debug|Any CPU.Build.0 = Debug|Any CPU
		{8D94EF9A-3CA4-4BF2-9E44-91C30305059C}.Release|Any CPU.ActiveCfg = Release|Any CPU
		{8D94EF9A-3CA4-4BF2-9E44-91C30305059C}.Release|Any CPU.Build.0 = Release|Any CPU
	EndGlobalSection
	GlobalSection(SolutionProperties) = preSolution
		HideSolutionNode = FALSE
	EndGlobalSection
	GlobalSection(ExtensibilityGlobals) = postSolution
		SolutionGuid = {8C164748-7816-4BB6-B7FA-71494FADE3AC}
	EndGlobalSection
EndGlobal
